Microsoft Visual Studio Solution File, Format Version 12.00
# Visual Studio Version 17
VisualStudioVersion = 17.5.2.0
MinimumVisualStudioVersion = 10.0.40219.1
Project("{FAE04EC0-301F-11D3-BF4B-00C04F79EFBC}") = "ApiLojaManoel", "ApiLojaManoel.csproj", "{8225F150-35B0-2CF4-C3B4-91F00D3F292B}"
EndProject
Global
	GlobalSection(SolutionConfigurationPlatforms) = preSolution
		Debug|Any CPU = Debug|Any CPU
		Release|Any CPU = Release|Any CPU
	EndGlobalSection
	GlobalSection(ProjectConfigurationPlatforms) = postSolution
		{8225F150-35B0-2CF4-C3B4-91F00D3F292B}.Debug|Any CPU.ActiveCfg = Debug|Any CPU
		{8225F150-35B0-2CF4-C3B4-91F00D3F292B}.Debug|Any CPU.Build.0 = Debug|Any CPU
		{8225F150-35B0-2CF4-C3B4-91F00D3F292B}.Release|Any CPU.ActiveCfg = Release|Any CPU
		{8225F150-35B0-2CF4-C3B4-91F00D3F292B}.Release|Any CPU.Build.0 = Release|Any CPU
	EndGlobalSection
	GlobalSection(SolutionProperties) = preSolution
		HideSolutionNode = FALSE
	EndGlobalSection
	GlobalSection(ExtensibilityGlobals) = postSolution
		SolutionGuid = {BF858014-5050-4C38-BBB2-D79158309012}
	EndGlobalSection
EndGlobal
